// !$*UTF8*$!
{
	archiveVersion = 1;
	classes = {
	};
	objectVersion = 56;
	objects = {

/* Begin PBXBuildFile section */
		5486A2B8292AA88600C8111F /* RestartApp.swift in Sources */ = {isa = PBXBuildFile; fileRef = 5486A2B7292AA88600C8111F /* RestartApp.swift */; };
		5486A2BA292AA88600C8111F /* ContentView.swift in Sources */ = {isa = PBXBuildFile; fileRef = 5486A2B9292AA88600C8111F /* ContentView.swift */; };
		5486A2BC292AA88800C8111F /* Assets.xcassets in Resources */ = {isa = PBXBuildFile; fileRef = 5486A2BB292AA88800C8111F /* Assets.xcassets */; };
		5486A2BF292AA88800C8111F /* Preview Assets.xcassets in Resources */ = {isa = PBXBuildFile; fileRef = 5486A2BE292AA88800C8111F /* Preview Assets.xcassets */; };
		5486A2C7292AA94600C8111F /* success.m4a in Resources */ = {isa = PBXBuildFile; fileRef = 5486A2C5292AA94500C8111F /* success.m4a */; };
		5486A2C8292AA94600C8111F /* chimeup.mp3 in Resources */ = {isa = PBXBuildFile; fileRef = 5486A2C6292AA94500C8111F /* chimeup.mp3 */; };
		54CBA03D292AAE60008D32B4 /* OnboardingView.swift in Sources */ = {isa = PBXBuildFile; fileRef = 54CBA03C292AAE60008D32B4 /* OnboardingView.swift */; };
		54CBA03F292AAE82008D32B4 /* HomeView.swift in Sources */ = {isa = PBXBuildFile; fileRef = 54CBA03E292AAE82008D32B4 /* HomeView.swift */; };
		54CBA041292ABF3F008D32B4 /* CircleGroupView.swift in Sources */ = {isa = PBXBuildFile; fileRef = 54CBA040292ABF3F008D32B4 /* CircleGroupView.swift */; };
		54CBA043292AD65E008D32B4 /* AudioPlayer.swift in Sources */ = {isa = PBXBuildFile; fileRef = 54CBA042292AD65E008D32B4 /* AudioPlayer.swift */; };
/* End PBXBuildFile section */

/* Begin PBXFileReference section */
		5486A2B4292AA88600C8111F /* Restart.app */ = {isa = PBXFileReference; explicitFileType = wrapper.application; includeInIndex = 0; path = Restart.app; sourceTree = BUILT_PRODUCTS_DIR; };
		5486A2B7292AA88600C8111F /* RestartApp.swift */ = {isa = PBXFileReference; lastKnownFileType = sourcecode.swift; path = RestartApp.swift; sourceTree = "<group>"; };
		5486A2B9292AA88600C8111F /* ContentView.swift */ = {isa = PBXFileReference; lastKnownFileType = sourcecode.swift; path = ContentView.swift; sourceTree = "<group>"; };
		5486A2BB292AA88800C8111F /* Assets.xcassets */ = {isa = PBXFileReference; lastKnownFileType = folder.assetcatalog; path = Assets.xcassets; sourceTree = "<group>"; };
		5486A2BE292AA88800C8111F /* Preview Assets.xcassets */ = {isa = PBXFileReference; lastKnownFileType = folder.assetcatalog; path = "Preview Assets.xcassets"; sourceTree = "<group>"; };
		5486A2C5292AA94500C8111F /* success.m4a */ = {isa = PBXFileReference; lastKnownFileType = file; path = success.m4a; sourceTree = "<group>"; };
		5486A2C6292AA94500C8111F /* chimeup.mp3 */ = {isa = PBXFileReference; lastKnownFileType = audio.mp3; path = chimeup.mp3; sourceTree = "<group>"; };
		54CBA03B292AAD66008D32B4 /* Info.plist */ = {isa = PBXFileReference; lastKnownFileType = text.plist; path = Info.plist; sourceTree = "<group>"; };
		54CBA03C292AAE60008D32B4 /* OnboardingView.swift */ = {isa = PBXFileReference; lastKnownFileType = sourcecode.swift; path = OnboardingView.swift; sourceTree = "<group>"; };
		54CBA03E292AAE82008D32B4 /* HomeView.swift */ = {isa = PBXFileReference; lastKnownFileType = sourcecode.swift; path = HomeView.swift; sourceTree = "<group>"; };
		54CBA040292ABF3F008D32B4 /* CircleGroupView.swift */ = {isa = PBXFileReference; lastKnownFileType = sourcecode.swift; path = CircleGroupView.swift; sourceTree = "<group>"; };
		54CBA042292AD65E008D32B4 /* AudioPlayer.swift */ = {isa = PBXFileReference; lastKnownFileType = sourcecode.swift; path = AudioPlayer.swift; sourceTree = "<group>"; };
/* End PBXFileReference section */

/* Begin PBXFrameworksBuildPhase section */
		5486A2B1292AA88600C8111F /* Frameworks */ = {
			isa = PBXFrameworksBuildPhase;
			buildActionMask = 2147483647;
			files = (
			);
			runOnlyForDeploymentPostprocessing = 0;
		};
/* End PBXFrameworksBuildPhase section */

/* Begin PBXGroup section */
		5486A2AB292AA88600C8111F = {
			isa = PBXGroup;
			children = (
				5486A2B6292AA88600C8111F /* Restart */,
				5486A2B5292AA88600C8111F /* Products */,
			);
			sourceTree = "<group>";
		};
		5486A2B5292AA88600C8111F /* Products */ = {
			isa = PBXGroup;
			children = (
				5486A2B4292AA88600C8111F /* Restart.app */,
			);
			name = Products;
			sourceTree = "<group>";
		};
		5486A2B6292AA88600C8111F /* Restart */ = {
			isa = PBXGroup;
			children = (
				54CBA03B292AAD66008D32B4 /* Info.plist */,
				5486A2CD292AAB5C00C8111F /* Utilities */,
				5486A2CC292AAB4300C8111F /* Views */,
				5486A2C9292AA96300C8111F /* Sounds */,
				5486A2B7292AA88600C8111F /* RestartApp.swift */,
				5486A2CB292AAAF500C8111F /* Screens */,
				5486A2BB292AA88800C8111F /* Assets.xcassets */,
				5486A2BD292AA88800C8111F /* Preview Content */,
			);
			path = Restart;
			sourceTree = "<group>";
		};
		5486A2BD292AA88800C8111F /* Preview Content */ = {
			isa = PBXGroup;
			children = (
				5486A2BE292AA88800C8111F /* Preview Assets.xcassets */,
			);
			path = "Preview Content";
			sourceTree = "<group>";
		};
		5486A2C9292AA96300C8111F /* Sounds */ = {
			isa = PBXGroup;
			children = (
				5486A2C6292AA94500C8111F /* chimeup.mp3 */,
				5486A2C5292AA94500C8111F /* success.m4a */,
			);
			path = Sounds;
			sourceTree = "<group>";
		};
		5486A2CB292AAAF500C8111F /* Screens */ = {
			isa = PBXGroup;
			children = (
				5486A2B9292AA88600C8111F /* ContentView.swift */,
				54CBA03C292AAE60008D32B4 /* OnboardingView.swift */,
				54CBA03E292AAE82008D32B4 /* HomeView.swift */,
			);
			path = Screens;
			sourceTree = "<group>";
		};
		5486A2CC292AAB4300C8111F /* Views */ = {
			isa = PBXGroup;
			children = (
				54CBA040292ABF3F008D32B4 /* CircleGroupView.swift */,
			);
			path = Views;
			sourceTree = "<group>";
		};
		5486A2CD292AAB5C00C8111F /* Utilities */ = {
			isa = PBXGroup;
			children = (
				54CBA042292AD65E008D32B4 /* AudioPlayer.swift */,
			);
			path = Utilities;
			sourceTree = "<group>";
		};
/* End PBXGroup section */

/* Begin PBXNativeTarget section */
		5486A2B3292AA88600C8111F /* Restart */ = {
			isa = PBXNativeTarget;
			buildConfigurationList = 5486A2C2292AA88800C8111F /* Build configuration list for PBXNativeTarget "Restart" */;
			buildPhases = (
				5486A2B0292AA88600C8111F /* Sources */,
				5486A2B1292AA88600C8111F /* Frameworks */,
				5486A2B2292AA88600C8111F /* Resources */,
			);
			buildRules = (
			);
			dependencies = (
			);
			name = Restart;
			productName = Restart;
			productReference = 5486A2B4292AA88600C8111F /* Restart.app */;
			productType = "com.apple.product-type.application";
		};
/* End PBXNativeTarget section */

/* Begin PBXProject section */
		5486A2AC292AA88600C8111F /* Project object */ = {
			isa = PBXProject;
			attributes = {
				BuildIndependentTargetsInParallel = 1;
				LastSwiftUpdateCheck = 1410;
				LastUpgradeCheck = 1410;
				TargetAttributes = {
					5486A2B3292AA88600C8111F = {
						CreatedOnToolsVersion = 14.1;
					};
				};
			};
			buildConfigurationList = 5486A2AF292AA88600C8111F /* Build configuration list for PBXProject "Restart" */;
			compatibilityVersion = "Xcode 14.0";
			developmentRegion = en;
			hasScannedForEncodings = 0;
			knownRegions = (
				en,
				Base,
			);
			mainGroup = 5486A2AB292AA88600C8111F;
			productRefGroup = 5486A2B5292AA88600C8111F /* Products */;
			projectDirPath = "";
			projectRoot = "";
			targets = (
				5486A2B3292AA88600C8111F /* Restart */,
			);
		};
/* End PBXProject section */

/* Begin PBXResourcesBuildPhase section */
		5486A2B2292AA88600C8111F /* Resources */ = {
			isa = PBXResourcesBuildPhase;
			buildActionMask = 2147483647;
			files = (
				5486A2C8292AA94600C8111F /* chimeup.mp3 in Resources */,
				5486A2BF292AA88800C8111F /* Preview Assets.xcassets in Resources */,
				5486A2C7292AA94600C8111F /* success.m4a in Resources */,
				5486A2BC292AA88800C8111F /* Assets.xcassets in Resources */,
			);
			runOnlyForDeploymentPostprocessing = 0;
		};
/* End PBXResourcesBuildPhase section */

/* Begin PBXSourcesBuildPhase section */
		5486A2B0292AA88600C8111F /* Sources */ = {
			isa = PBXSourcesBuildPhase;
			buildActionMask = 2147483647;
			files = (
				54CBA041292ABF3F008D32B4 /* CircleGroupView.swift in Sources */,
				54CBA03D292AAE60008D32B4 /* OnboardingView.swift in Sources */,
				54CBA03F292AAE82008D32B4 /* HomeView.swift in Sources */,
				5486A2BA292AA88600C8111F /* ContentView.swift in Sources */,
				5486A2B8292AA88600C8111F /* RestartApp.swift in Sources */,
				54CBA043292AD65E008D32B4 /* AudioPlayer.swift in Sources */,
			);
			runOnlyForDeploymentPostprocessing = 0;
		};
/* End PBXSourcesBuildPhase section */

/* Begin XCBuildConfiguration section */
		5486A2C0292AA88800C8111F /* Debug */ = {
			isa = XCBuildConfiguration;
			buildSettings = {
				ALWAYS_SEARCH_USER_PATHS = NO;
				CLANG_ANALYZER_NONNULL = YES;
				CLANG_ANALYZER_NUMBER_OBJECT_CONVERSION = YES_AGGRESSIVE;
				CLANG_CXX_LANGUAGE_STANDARD = "gnu++20";
				CLANG_ENABLE_MODULES = YES;
				CLANG_ENABLE_OBJC_ARC = YES;
				CLANG_ENABLE_OBJC_WEAK = YES;
				CLANG_WARN_BLOCK_CAPTURE_AUTORELEASING = YES;
				CLANG_WARN_BOOL_CONVERSION = YES;
				CLANG_WARN_COMMA = YES;
				CLANG_WARN_CONSTANT_CONVERSION = YES;
				CLANG_WARN_DEPRECATED_OBJC_IMPLEMENTATIONS = YES;
				CLANG_WARN_DIRECT_OBJC_ISA_USAGE = YES_ERROR;
				CLANG_WARN_DOCUMENTATION_COMMENTS = YES;
				CLANG_WARN_EMPTY_BODY = YES;
				CLANG_WARN_ENUM_CONVERSION = YES;
				CLANG_WARN_INFINITE_RECURSION = YES;
				CLANG_WARN_INT_CONVERSION = YES;
				CLANG_WARN_NON_LITERAL_NULL_CONVERSION = YES;
				CLANG_WARN_OBJC_IMPLICIT_RETAIN_SELF = YES;
				CLANG_WARN_OBJC_LITERAL_CONVERSION = YES;
				CLANG_WARN_OBJC_ROOT_CLASS = YES_ERROR;
				CLANG_WARN_QUOTED_INCLUDE_IN_FRAMEWORK_HEADER = YES;
				CLANG_WARN_RANGE_LOOP_ANALYSIS = YES;
				CLANG_WARN_STRICT_PROTOTYPES = YES;
				CLANG_WARN_SUSPICIOUS_MOVE = YES;
				CLANG_WARN_UNGUARDED_AVAILABILITY = YES_AGGRESSIVE;
				CLANG_WARN_UNREACHABLE_CODE = YES;
				CLANG_WARN__DUPLICATE_METHOD_MATCH = YES;
				COPY_PHASE_STRIP = NO;
				DEBUG_INFORMATION_FORMAT = dwarf;
				ENABLE_STRICT_OBJC_MSGSEND = YES;
				ENABLE_TESTABILITY = YES;
				GCC_C_LANGUAGE_STANDARD = gnu11;
				GCC_DYNAMIC_NO_PIC = NO;
				GCC_NO_COMMON_BLOCKS = YES;
				GCC_OPTIMIZATION_LEVEL = 0;
				GCC_PREPROCESSOR_DEFINITIONS = (
					"DEBUG=1",
					"$(inherited)",
				);
				GCC_WARN_64_TO_32_BIT_CONVERSION = YES;
				GCC_WARN_ABOUT_RETURN_TYPE = YES_ERROR;
				GCC_WARN_UNDECLARED_SELECTOR = YES;
				GCC_WARN_UNINITIALIZED_AUTOS = YES_AGGRESSIVE;
				GCC_WARN_UNUSED_FUNCTION = YES;
				GCC_WARN_UNUSED_VARIABLE = YES;
				IPHONEOS_DEPLOYMENT_TARGET = 16.1;
				MTL_ENABLE_DEBUG_INFO = INCLUDE_SOURCE;
				MTL_FAST_MATH = YES;
				ONLY_ACTIVE_ARCH = YES;
				SDKROOT = iphoneos;
				SWIFT_ACTIVE_COMPILATION_CONDITIONS = DEBUG;
				SWIFT_OPTIMIZATION_LEVEL = "-Onone";
			};
			name = Debug;
		};
		5486A2C1292AA88800C8111F /* Release */ = {
			isa = XCBuildConfiguration;
			buildSettings = {
				ALWAYS_SEARCH_USER_PATHS = NO;
				CLANG_ANALYZER_NONNULL = YES;
				CLANG_ANALYZER_NUMBER_OBJECT_CONVERSION = YES_AGGRESSIVE;
				CLANG_CXX_LANGUAGE_STANDARD = "gnu++20";
				CLANG_ENABLE_MODULES = YES;
				CLANG_ENABLE_OBJC_ARC = YES;
				CLANG_ENABLE_OBJC_WEAK = YES;
				CLANG_WARN_BLOCK_CAPTURE_AUTORELEASING = YES;
				CLANG_WARN_BOOL_CONVERSION = YES;
				CLANG_WARN_COMMA = YES;
				CLANG_WARN_CONSTANT_CONVERSION = YES;
				CLANG_WARN_DEPRECATED_OBJC_IMPLEMENTATIONS = YES;
				CLANG_WARN_DIRECT_OBJC_ISA_USAGE = YES_ERROR;
				CLANG_WARN_DOCUMENTATION_COMMENTS = YES;
				CLANG_WARN_EMPTY_BODY = YES;
				CLANG_WARN_ENUM_CONVERSION = YES;
				CLANG_WARN_INFINITE_RECURSION = YES;
				CLANG_WARN_INT_CONVERSION = YES;
				CLANG_WARN_NON_LITERAL_NULL_CONVERSION = YES;
				CLANG_WARN_OBJC_IMPLICIT_RETAIN_SELF = YES;
				CLANG_WARN_OBJC_LITERAL_CONVERSION = YES;
				CLANG_WARN_OBJC_ROOT_CLASS = YES_ERROR;
				CLANG_WARN_QUOTED_INCLUDE_IN_FRAMEWORK_HEADER = YES;
				CLANG_WARN_RANGE_LOOP_ANALYSIS = YES;
				CLANG_WARN_STRICT_PROTOTYPES = YES;
				CLANG_WARN_SUSPICIOUS_MOVE = YES;
				CLANG_WARN_UNGUARDED_AVAILABILITY = YES_AGGRESSIVE;
				CLANG_WARN_UNREACHABLE_CODE = YES;
				CLANG_WARN__DUPLICATE_METHOD_MATCH = YES;
				COPY_PHASE_STRIP = NO;
				DEBUG_INFORMATION_FORMAT = "dwarf-with-dsym";
				ENABLE_NS_ASSERTIONS = NO;
				ENABLE_STRICT_OBJC_MSGSEND = YES;
				GCC_C_LANGUAGE_STANDARD = gnu11;
				GCC_NO_COMMON_BLOCKS = YES;
				GCC_WARN_64_TO_32_BIT_CONVERSION = YES;
				GCC_WARN_ABOUT_RETURN_TYPE = YES_ERROR;
				GCC_WARN_UNDECLARED_SELECTOR = YES;
				GCC_WARN_UNINITIALIZED_AUTOS = YES_AGGRESSIVE;
				GCC_WARN_UNUSED_FUNCTION = YES;
				GCC_WARN_UNUSED_VARIABLE = YES;
				IPHONEOS_DEPLOYMENT_TARGET = 16.1;
				MTL_ENABLE_DEBUG_INFO = NO;
				MTL_FAST_MATH = YES;
				SDKROOT = iphoneos;
				SWIFT_COMPILATION_MODE = wholemodule;
				SWIFT_OPTIMIZATION_LEVEL = "-O";
				VALIDATE_PRODUCT = YES;
			};
			name = Release;
		};
		5486A2C3292AA88800C8111F /* Debug */ = {
			isa = XCBuildConfiguration;
			buildSettings = {
				ASSETCATALOG_COMPILER_APPICON_NAME = AppIcon;
				ASSETCATALOG_COMPILER_GLOBAL_ACCENT_COLOR_NAME = AccentColor;
				CODE_SIGN_STYLE = Automatic;
				CURRENT_PROJECT_VERSION = 1;
				DEVELOPMENT_ASSET_PATHS = "\"Restart/Preview Content\"";
				DEVELOPMENT_TEAM = 43AL79RXM6;
				ENABLE_PREVIEWS = YES;
				GENERATE_INFOPLIST_FILE = YES;
				INFOPLIST_FILE = Restart/Info.plist;
				INFOPLIST_KEY_UIApplicationSceneManifest_Generation = YES;
				INFOPLIST_KEY_UIApplicationSupportsIndirectInputEvents = YES;
				INFOPLIST_KEY_UISupportedInterfaceOrientations = UIInterfaceOrientationPortrait;
				LD_RUNPATH_SEARCH_PATHS = (
					"$(inherited)",
					"@executable_path/Frameworks",
				);
				MARKETING_VERSION = 1.0;
				PRODUCT_BUNDLE_IDENTIFIER = com.utkukaangulsoy.Restart;
				PRODUCT_NAME = "$(TARGET_NAME)";
				SWIFT_EMIT_LOC_STRINGS = YES;
				SWIFT_VERSION = 5.0;
				TARGETED_DEVICE_FAMILY = "1,2";
			};
			name = Debug;
		};
		5486A2C4292AA88800C8111F /* Release */ = {
			isa = XCBuildConfiguration;
			buildSettings = {
				ASSETCATALOG_COMPILER_APPICON_NAME = AppIcon;
				ASSETCATALOG_COMPILER_GLOBAL_ACCENT_COLOR_NAME = AccentColor;
				CODE_SIGN_STYLE = Automatic;
				CURRENT_PROJECT_VERSION = 1;
				DEVELOPMENT_ASSET_PATHS = "\"Restart/Preview Content\"";
				DEVELOPMENT_TEAM = 43AL79RXM6;
				ENABLE_PREVIEWS = YES;
				GENERATE_INFOPLIST_FILE = YES;
				INFOPLIST_FILE = Restart/Info.plist;
				INFOPLIST_KEY_UIApplicationSceneManifest_Generation = YES;
				INFOPLIST_KEY_UIApplicationSupportsIndirectInputEvents = YES;
				INFOPLIST_KEY_UISupportedInterfaceOrientations = UIInterfaceOrientationPortrait;
				LD_RUNPATH_SEARCH_PATHS = (
					"$(inherited)",
					"@executable_path/Frameworks",
				);
				MARKETING_VERSION = 1.0;
				PRODUCT_BUNDLE_IDENTIFIER = com.utkukaangulsoy.Restart;
				PRODUCT_NAME = "$(TARGET_NAME)";
				SWIFT_EMIT_LOC_STRINGS = YES;
				SWIFT_VERSION = 5.0;
				TARGETED_DEVICE_FAMILY = "1,2";
			};
			name = Release;
		};
/* End XCBuildConfiguration section */

/* Begin XCConfigurationList section */
		5486A2AF292AA88600C8111F /* Build configuration list for PBXProject "Restart" */ = {
			isa = XCConfigurationList;
			buildConfigurations = (
				5486A2C0292AA88800C8111F /* Debug */,
				5486A2C1292AA88800C8111F /* Release */,
			);
			defaultConfigurationIsVisible = 0;
			defaultConfigurationName = Release;
		};
		5486A2C2292AA88800C8111F /* Build configuration list for PBXNativeTarget "Restart" */ = {
			isa = XCConfigurationList;
			buildConfigurations = (
				5486A2C3292AA88800C8111F /* Debug */,
				5486A2C4292AA88800C8111F /* Release */,
			);
			defaultConfigurationIsVisible = 0;
			defaultConfigurationName = Release;
		};
/* End XCConfigurationList section */
	};
	rootObject = 5486A2AC292AA88600C8111F /* Project object */;
}
